
Microsoft Visual Studio Solution File, Format Version 12.00
# Visual Studio 15
VisualStudioVersion = 15.0.27703.2042
MinimumVisualStudioVersion = 10.0.40219.1
Project("{9A19103F-16F7-4668-BE54-9A1E7A4F7556}") = "web-server", "web-server\web-server.csproj", "{07A4118F-78C0-4AD5-92B7-765495006434}"
EndProject
Project("{9A19103F-16F7-4668-BE54-9A1E7A4F7556}") = "web-server.bl", "web-server.bl\web-server.bl.csproj", "{42076705-E7BF-46CA-9538-652777EF0944}"
EndProject
Project("{9A19103F-16F7-4668-BE54-9A1E7A4F7556}") = "web-server.dal", "web-server.dal\web-server.dal.csproj", "{E14EDAC3-B7F7-4D06-B191-64DDED90F23A}"
EndProject
Project("{9A19103F-16F7-4668-BE54-9A1E7A4F7556}") = "web-server.idal", "web-server.idal\web-server.idal.csproj", "{0DFFD122-261B-4713-B53D-D425AF6BCD4D}"
EndProject
Project("{9A19103F-16F7-4668-BE54-9A1E7A4F7556}") = "web-server.ibl", "web-server.ibl\web-server.ibl.csproj", "{AE0F3E71-D154-4F28-B76E-F58F1CCBFC62}"
EndProject
Project("{9A19103F-16F7-4668-BE54-9A1E7A4F7556}") = "web-server.common", "web-server.common\web-server.common.csproj", "{FA7150C5-CD8B-4154-8EDE-8DE8A8A1D9F9}"
EndProject
Project("{9A19103F-16F7-4668-BE54-9A1E7A4F7556}") = "HashGenerator", "HashGenerator\HashGenerator.csproj", "{5D976A83-AD19-4BEE-B0E5-AA9D6C083FD3}"
EndProject
Project("{9A19103F-16F7-4668-BE54-9A1E7A4F7556}") = "web-server.hash-generator", "web-server.hash-generator\web-server.hash-generator.csproj", "{B6F7EEED-7932-42E2-BE74-14152372F104}"
EndProject
Global
	GlobalSection(SolutionConfigurationPlatforms) = preSolution
		Debug|Any CPU = Debug|Any CPU
		Release|Any CPU = Release|Any CPU
	EndGlobalSection
	GlobalSection(ProjectConfigurationPlatforms) = postSolution
		{07A4118F-78C0-4AD5-92B7-765495006434}.Debug|Any CPU.ActiveCfg = Debug|Any CPU
		{07A4118F-78C0-4AD5-92B7-765495006434}.Debug|Any CPU.Build.0 = Debug|Any CPU
		{07A4118F-78C0-4AD5-92B7-765495006434}.Release|Any CPU.ActiveCfg = Release|Any CPU
		{07A4118F-78C0-4AD5-92B7-765495006434}.Release|Any CPU.Build.0 = Release|Any CPU
		{42076705-E7BF-46CA-9538-652777EF0944}.Debug|Any CPU.ActiveCfg = Debug|Any CPU
		{42076705-E7BF-46CA-9538-652777EF0944}.Debug|Any CPU.Build.0 = Debug|Any CPU
		{42076705-E7BF-46CA-9538-652777EF0944}.Release|Any CPU.ActiveCfg = Release|Any CPU
		{42076705-E7BF-46CA-9538-652777EF0944}.Release|Any CPU.Build.0 = Release|Any CPU
		{E14EDAC3-B7F7-4D06-B191-64DDED90F23A}.Debug|Any CPU.ActiveCfg = Debug|Any CPU
		{E14EDAC3-B7F7-4D06-B191-64DDED90F23A}.Debug|Any CPU.Build.0 = Debug|Any CPU
		{E14EDAC3-B7F7-4D06-B191-64DDED90F23A}.Release|Any CPU.ActiveCfg = Release|Any CPU
		{E14EDAC3-B7F7-4D06-B191-64DDED90F23A}.Release|Any CPU.Build.0 = Release|Any CPU
		{0DFFD122-261B-4713-B53D-D425AF6BCD4D}.Debug|Any CPU.ActiveCfg = Debug|Any CPU
		{0DFFD122-261B-4713-B53D-D425AF6BCD4D}.Debug|Any CPU.Build.0 = Debug|Any CPU
		{0DFFD122-261B-4713-B53D-D425AF6BCD4D}.Release|Any CPU.ActiveCfg = Release|Any CPU
		{0DFFD122-261B-4713-B53D-D425AF6BCD4D}.Release|Any CPU.Build.0 = Release|Any CPU
		{AE0F3E71-D154-4F28-B76E-F58F1CCBFC62}.Debug|Any CPU.ActiveCfg = Debug|Any CPU
		{AE0F3E71-D154-4F28-B76E-F58F1CCBFC62}.Debug|Any CPU.Build.0 = Debug|Any CPU
		{AE0F3E71-D154-4F28-B76E-F58F1CCBFC62}.Release|Any CPU.ActiveCfg = Release|Any CPU
		{AE0F3E71-D154-4F28-B76E-F58F1CCBFC62}.Release|Any CPU.Build.0 = Release|Any CPU
		{FA7150C5-CD8B-4154-8EDE-8DE8A8A1D9F9}.Debug|Any CPU.ActiveCfg = Debug|Any CPU
		{FA7150C5-CD8B-4154-8EDE-8DE8A8A1D9F9}.Debug|Any CPU.Build.0 = Debug|Any CPU
		{FA7150C5-CD8B-4154-8EDE-8DE8A8A1D9F9}.Release|Any CPU.ActiveCfg = Release|Any CPU
		{FA7150C5-CD8B-4154-8EDE-8DE8A8A1D9F9}.Release|Any CPU.Build.0 = Release|Any CPU
		{5D976A83-AD19-4BEE-B0E5-AA9D6C083FD3}.Debug|Any CPU.ActiveCfg = Debug|Any CPU
		{5D976A83-AD19-4BEE-B0E5-AA9D6C083FD3}.Debug|Any CPU.Build.0 = Debug|Any CPU
		{5D976A83-AD19-4BEE-B0E5-AA9D6C083FD3}.Release|Any CPU.ActiveCfg = Release|Any CPU
		{5D976A83-AD19-4BEE-B0E5-AA9D6C083FD3}.Release|Any CPU.Build.0 = Release|Any CPU
		{B6F7EEED-7932-42E2-BE74-14152372F104}.Debug|Any CPU.ActiveCfg = Debug|Any CPU
		{B6F7EEED-7932-42E2-BE74-14152372F104}.Debug|Any CPU.Build.0 = Debug|Any CPU
		{B6F7EEED-7932-42E2-BE74-14152372F104}.Release|Any CPU.ActiveCfg = Release|Any CPU
		{B6F7EEED-7932-42E2-BE74-14152372F104}.Release|Any CPU.Build.0 = Release|Any CPU
	EndGlobalSection
	GlobalSection(SolutionProperties) = preSolution
		HideSolutionNode = FALSE
	EndGlobalSection
	GlobalSection(ExtensibilityGlobals) = postSolution
		SolutionGuid = {D569DD76-6355-42F2-8F1E-646890876A09}
	EndGlobalSection
EndGlobal
